
Microsoft Visual Studio Solution File, Format Version 12.00
# Visual Studio 15
VisualStudioVersion = 15.0.27428.2005
MinimumVisualStudioVersion = 10.0.40219.1
Project("{9A19103F-16F7-4668-BE54-9A1E7A4F7556}") = "FakeCamera", "FakeCamera\FakeCamera.csproj", "{3BB7FE18-22C1-4432-8ACC-BFDC942E5119}"
EndProject
Project("{FAE04EC0-301F-11D3-BF4B-00C04F79EFBC}") = "FakeCRM", "FakeCRM\FakeCRM.csproj", "{FFA6F5A3-46DB-497C-914F-8A7320E91A62}"
EndProject
Global
	GlobalSection(SolutionConfigurationPlatforms) = preSolution
		Debug|Any CPU = Debug|Any CPU
		Release|Any CPU = Release|Any CPU
	EndGlobalSection
	GlobalSection(ProjectConfigurationPlatforms) = postSolution
		{3BB7FE18-22C1-4432-8ACC-BFDC942E5119}.Debug|Any CPU.ActiveCfg = Debug|Any CPU
		{3BB7FE18-22C1-4432-8ACC-BFDC942E5119}.Debug|Any CPU.Build.0 = Debug|Any CPU
		{3BB7FE18-22C1-4432-8ACC-BFDC942E5119}.Release|Any CPU.ActiveCfg = Release|Any CPU
		{3BB7FE18-22C1-4432-8ACC-BFDC942E5119}.Release|Any CPU.Build.0 = Release|Any CPU
		{FFA6F5A3-46DB-497C-914F-8A7320E91A62}.Debug|Any CPU.ActiveCfg = Debug|Any CPU
		{FFA6F5A3-46DB-497C-914F-8A7320E91A62}.Debug|Any CPU.Build.0 = Debug|Any CPU
		{FFA6F5A3-46DB-497C-914F-8A7320E91A62}.Release|Any CPU.ActiveCfg = Release|Any CPU
		{FFA6F5A3-46DB-497C-914F-8A7320E91A62}.Release|Any CPU.Build.0 = Release|Any CPU
	EndGlobalSection
	GlobalSection(SolutionProperties) = preSolution
		HideSolutionNode = FALSE
	EndGlobalSection
	GlobalSection(ExtensibilityGlobals) = postSolution
		SolutionGuid = {E503968D-1E37-431D-8F40-8FBD5082A06E}
	EndGlobalSection
EndGlobal
